
Microsoft Visual Studio Solution File, Format Version 12.00
# Visual Studio 15
VisualStudioVersion = 15.0.28010.2046
MinimumVisualStudioVersion = 10.0.40219.1
Project("{FAE04EC0-301F-11D3-BF4B-00C04F79EFBC}") = "Kelompok2.Android", "Kelompok2\Kelompok2.Android\Kelompok2.Android.csproj", "{10AE288C-5C8C-42AF-86D2-6B41DA9F5B23}"
EndProject
Project("{FAE04EC0-301F-11D3-BF4B-00C04F79EFBC}") = "Kelompok2.iOS", "Kelompok2\Kelompok2.iOS\Kelompok2.iOS.csproj", "{ED97DE8E-68BC-4ED8-8AE2-E5654E78B10F}"
EndProject
Project("{FAE04EC0-301F-11D3-BF4B-00C04F79EFBC}") = "Kelompok2.UWP", "Kelompok2\Kelompok2.UWP\Kelompok2.UWP.csproj", "{C47B10DE-D16A-4CC2-A255-08A12200B6E6}"
EndProject
Project("{FAE04EC0-301F-11D3-BF4B-00C04F79EFBC}") = "Kelompok2", "Kelompok2\Kelompok2\Kelompok2.csproj", "{167ADF6C-9D54-4655-B70D-1458CD156659}"
EndProject
Global
	GlobalSection(SolutionConfigurationPlatforms) = preSolution
		Ad-Hoc|Any CPU = Ad-Hoc|Any CPU
		Ad-Hoc|ARM = Ad-Hoc|ARM
		Ad-Hoc|iPhone = Ad-Hoc|iPhone
		Ad-Hoc|iPhoneSimulator = Ad-Hoc|iPhoneSimulator
		Ad-Hoc|x64 = Ad-Hoc|x64
		Ad-Hoc|x86 = Ad-Hoc|x86
		AppStore|Any CPU = AppStore|Any CPU
		AppStore|ARM = AppStore|ARM
		AppStore|iPhone = AppStore|iPhone
		AppStore|iPhoneSimulator = AppStore|iPhoneSimulator
		AppStore|x64 = AppStore|x64
		AppStore|x86 = AppStore|x86
		Debug|Any CPU = Debug|Any CPU
		Debug|ARM = Debug|ARM
		Debug|iPhone = Debug|iPhone
		Debug|iPhoneSimulator = Debug|iPhoneSimulator
		Debug|x64 = Debug|x64
		Debug|x86 = Debug|x86
		Release|Any CPU = Release|Any CPU
		Release|ARM = Release|ARM
		Release|iPhone = Release|iPhone
		Release|iPhoneSimulator = Release|iPhoneSimulator
		Release|x64 = Release|x64
		Release|x86 = Release|x86
	EndGlobalSection
	GlobalSection(ProjectConfigurationPlatforms) = postSolution
		{10AE288C-5C8C-42AF-86D2-6B41DA9F5B23}.Ad-Hoc|Any CPU.ActiveCfg = Release|Any CPU
		{10AE288C-5C8C-42AF-86D2-6B41DA9F5B23}.Ad-Hoc|Any CPU.Build.0 = Release|Any CPU
		{10AE288C-5C8C-42AF-86D2-6B41DA9F5B23}.Ad-Hoc|Any CPU.Deploy.0 = Release|Any CPU
		{10AE288C-5C8C-42AF-86D2-6B41DA9F5B23}.Ad-Hoc|ARM.ActiveCfg = Release|Any CPU
		{10AE288C-5C8C-42AF-86D2-6B41DA9F5B23}.Ad-Hoc|ARM.Build.0 = Release|Any CPU
		{10AE288C-5C8C-42AF-86D2-6B41DA9F5B23}.Ad-Hoc|ARM.Deploy.0 = Release|Any CPU
		{10AE288C-5C8C-42AF-86D2-6B41DA9F5B23}.Ad-Hoc|iPhone.ActiveCfg = Release|Any CPU
		{10AE288C-5C8C-42AF-86D2-6B41DA9F5B23}.Ad-Hoc|iPhone.Build.0 = Release|Any CPU
		{10AE288C-5C8C-42AF-86D2-6B41DA9F5B23}.Ad-Hoc|iPhone.Deploy.0 = Release|Any CPU
		{10AE288C-5C8C-42AF-86D2-6B41DA9F5B23}.Ad-Hoc|iPhoneSimulator.ActiveCfg = Release|Any CPU
		{10AE288C-5C8C-42AF-86D2-6B41DA9F5B23}.Ad-Hoc|iPhoneSimulator.Build.0 = Release|Any CPU
		{10AE288C-5C8C-42AF-86D2-6B41DA9F5B23}.Ad-Hoc|iPhoneSimulator.Deploy.0 = Release|Any CPU
		{10AE288C-5C8C-42AF-86D2-6B41DA9F5B23}.Ad-Hoc|x64.ActiveCfg = Release|Any CPU
		{10AE288C-5C8C-42AF-86D2-6B41DA9F5B23}.Ad-Hoc|x64.Build.0 = Release|Any CPU
		{10AE288C-5C8C-42AF-86D2-6B41DA9F5B23}.Ad-Hoc|x64.Deploy.0 = Release|Any CPU
		{10AE288C-5C8C-42AF-86D2-6B41DA9F5B23}.Ad-Hoc|x86.ActiveCfg = Release|Any CPU
		{10AE288C-5C8C-42AF-86D2-6B41DA9F5B23}.Ad-Hoc|x86.Build.0 = Release|Any CPU
		{10AE288C-5C8C-42AF-86D2-6B41DA9F5B23}.Ad-Hoc|x86.Deploy.0 = Release|Any CPU
		{10AE288C-5C8C-42AF-86D2-6B41DA9F5B23}.AppStore|Any CPU.ActiveCfg = Release|Any CPU
		{10AE288C-5C8C-42AF-86D2-6B41DA9F5B23}.AppStore|Any CPU.Build.0 = Release|Any CPU
		{10AE288C-5C8C-42AF-86D2-6B41DA9F5B23}.AppStore|Any CPU.Deploy.0 = Release|Any CPU
		{10AE288C-5C8C-42AF-86D2-6B41DA9F5B23}.AppStore|ARM.ActiveCfg = Release|Any CPU
		{10AE288C-5C8C-42AF-86D2-6B41DA9F5B23}.AppStore|ARM.Build.0 = Release|Any CPU
		{10AE288C-5C8C-42AF-86D2-6B41DA9F5B23}.AppStore|ARM.Deploy.0 = Release|Any CPU
		{10AE288C-5C8C-42AF-86D2-6B41DA9F5B23}.AppStore|iPhone.ActiveCfg = Release|Any CPU
		{10AE288C-5C8C-42AF-86D2-6B41DA9F5B23}.AppStore|iPhone.Build.0 = Release|Any CPU
		{10AE288C-5C8C-42AF-86D2-6B41DA9F5B23}.AppStore|iPhone.Deploy.0 = Release|Any CPU
		{10AE288C-5C8C-42AF-86D2-6B41DA9F5B23}.AppStore|iPhoneSimulator.ActiveCfg = Release|Any CPU
		{10AE288C-5C8C-42AF-86D2-6B41DA9F5B23}.AppStore|iPhoneSimulator.Build.0 = Release|Any CPU
		{10AE288C-5C8C-42AF-86D2-6B41DA9F5B23}.AppStore|iPhoneSimulator.Deploy.0 = Release|Any CPU
		{10AE288C-5C8C-42AF-86D2-6B41DA9F5B23}.AppStore|x64.ActiveCfg = Release|Any CPU
		{10AE288C-5C8C-42AF-86D2-6B41DA9F5B23}.AppStore|x64.Build.0 = Release|Any CPU
		{10AE288C-5C8C-42AF-86D2-6B41DA9F5B23}.AppStore|x64.Deploy.0 = Release|Any CPU
		{10AE288C-5C8C-42AF-86D2-6B41DA9F5B23}.AppStore|x86.ActiveCfg = Release|Any CPU
		{10AE288C-5C8C-42AF-86D2-6B41DA9F5B23}.AppStore|x86.Build.0 = Release|Any CPU
		{10AE288C-5C8C-42AF-86D2-6B41DA9F5B23}.AppStore|x86.Deploy.0 = Release|Any CPU
		{10AE288C-5C8C-42AF-86D2-6B41DA9F5B23}.Debug|Any CPU.ActiveCfg = Debug|Any CPU
		{10AE288C-5C8C-42AF-86D2-6B41DA9F5B23}.Debug|Any CPU.Build.0 = Debug|Any CPU
		{10AE288C-5C8C-42AF-86D2-6B41DA9F5B23}.Debug|Any CPU.Deploy.0 = Debug|Any CPU
		{10AE288C-5C8C-42AF-86D2-6B41DA9F5B23}.Debug|ARM.ActiveCfg = Debug|Any CPU
		{10AE288C-5C8C-42AF-86D2-6B41DA9F5B23}.Debug|ARM.Build.0 = Debug|Any CPU
		{10AE288C-5C8C-42AF-86D2-6B41DA9F5B23}.Debug|ARM.Deploy.0 = Debug|Any CPU
		{10AE288C-5C8C-42AF-86D2-6B41DA9F5B23}.Debug|iPhone.ActiveCfg = Debug|Any CPU
		{10AE288C-5C8C-42AF-86D2-6B41DA9F5B23}.Debug|iPhone.Build.0 = Debug|Any CPU
		{10AE288C-5C8C-42AF-86D2-6B41DA9F5B23}.Debug|iPhone.Deploy.0 = Debug|Any CPU
		{10AE288C-5C8C-42AF-86D2-6B41DA9F5B23}.Debug|iPhoneSimulator.ActiveCfg = Debug|Any CPU
		{10AE288C-5C8C-42AF-86D2-6B41DA9F5B23}.Debug|iPhoneSimulator.Build.0 = Debug|Any CPU
		{10AE288C-5C8C-42AF-86D2-6B41DA9F5B23}.Debug|iPhoneSimulator.Deploy.0 = Debug|Any CPU
		{10AE288C-5C8C-42AF-86D2-6B41DA9F5B23}.Debug|x64.ActiveCfg = Debug|Any CPU
		{10AE288C-5C8C-42AF-86D2-6B41DA9F5B23}.Debug|x64.Build.0 = Debug|Any CPU
		{10AE288C-5C8C-42AF-86D2-6B41DA9F5B23}.Debug|x64.Deploy.0 = Debug|Any CPU
		{10AE288C-5C8C-42AF-86D2-6B41DA9F5B23}.Debug|x86.ActiveCfg = Debug|Any CPU
		{10AE288C-5C8C-42AF-86D2-6B41DA9F5B23}.Debug|x86.Build.0 = Debug|Any CPU
		{10AE288C-5C8C-42AF-86D2-6B41DA9F5B23}.Debug|x86.Deploy.0 = Debug|Any CPU
		{10AE288C-5C8C-42AF-86D2-6B41DA9F5B23}.Release|Any CPU.ActiveCfg = Release|Any CPU
		{10AE288C-5C8C-42AF-86D2-6B41DA9F5B23}.Release|Any CPU.Build.0 = Release|Any CPU
		{10AE288C-5C8C-42AF-86D2-6B41DA9F5B23}.Release|Any CPU.Deploy.0 = Release|Any CPU
		{10AE288C-5C8C-42AF-86D2-6B41DA9F5B23}.Release|ARM.ActiveCfg = Release|Any CPU
		{10AE288C-5C8C-42AF-86D2-6B41DA9F5B23}.Release|ARM.Build.0 = Release|Any CPU
		{10AE288C-5C8C-42AF-86D2-6B41DA9F5B23}.Release|ARM.Deploy.0 = Release|Any CPU
		{10AE288C-5C8C-42AF-86D2-6B41DA9F5B23}.Release|iPhone.ActiveCfg = Release|Any CPU
		{10AE288C-5C8C-42AF-86D2-6B41DA9F5B23}.Release|iPhone.Build.0 = Release|Any CPU
		{10AE288C-5C8C-42AF-86D2-6B41DA9F5B23}.Release|iPhone.Deploy.0 = Release|Any CPU
		{10AE288C-5C8C-42AF-86D2-6B41DA9F5B23}.Release|iPhoneSimulator.ActiveCfg = Release|Any CPU
		{10AE288C-5C8C-42AF-86D2-6B41DA9F5B23}.Release|iPhoneSimulator.Build.0 = Release|Any CPU
		{10AE288C-5C8C-42AF-86D2-6B41DA9F5B23}.Release|iPhoneSimulator.Deploy.0 = Release|Any CPU
		{10AE288C-5C8C-42AF-86D2-6B41DA9F5B23}.Release|x64.ActiveCfg = Release|Any CPU
		{10AE288C-5C8C-42AF-86D2-6B41DA9F5B23}.Release|x64.Build.0 = Release|Any CPU
		{10AE288C-5C8C-42AF-86D2-6B41DA9F5B23}.Release|x64.Deploy.0 = Release|Any CPU
		{10AE288C-5C8C-42AF-86D2-6B41DA9F5B23}.Release|x86.ActiveCfg = Release|Any CPU
		{10AE288C-5C8C-42AF-86D2-6B41DA9F5B23}.Release|x86.Build.0 = Release|Any CPU
		{10AE288C-5C8C-42AF-86D2-6B41DA9F5B23}.Release|x86.Deploy.0 = Release|Any CPU
		{ED97DE8E-68BC-4ED8-8AE2-E5654E78B10F}.Ad-Hoc|Any CPU.ActiveCfg = Ad-Hoc|iPhone
		{ED97DE8E-68BC-4ED8-8AE2-E5654E78B10F}.Ad-Hoc|Any CPU.Build.0 = Ad-Hoc|iPhone
		{ED97DE8E-68BC-4ED8-8AE2-E5654E78B10F}.Ad-Hoc|Any CPU.Deploy.0 = Ad-Hoc|iPhone
		{ED97DE8E-68BC-4ED8-8AE2-E5654E78B10F}.Ad-Hoc|ARM.ActiveCfg = Ad-Hoc|iPhone
		{ED97DE8E-68BC-4ED8-8AE2-E5654E78B10F}.Ad-Hoc|ARM.Build.0 = Ad-Hoc|iPhone
		{ED97DE8E-68BC-4ED8-8AE2-E5654E78B10F}.Ad-Hoc|ARM.Deploy.0 = Ad-Hoc|iPhone
		{ED97DE8E-68BC-4ED8-8AE2-E5654E78B10F}.Ad-Hoc|iPhone.ActiveCfg = Ad-Hoc|iPhone
		{ED97DE8E-68BC-4ED8-8AE2-E5654E78B10F}.Ad-Hoc|iPhone.Build.0 = Ad-Hoc|iPhone
		{ED97DE8E-68BC-4ED8-8AE2-E5654E78B10F}.Ad-Hoc|iPhone.Deploy.0 = Ad-Hoc|iPhone
		{ED97DE8E-68BC-4ED8-8AE2-E5654E78B10F}.Ad-Hoc|iPhoneSimulator.ActiveCfg = Ad-Hoc|iPhoneSimulator
		{ED97DE8E-68BC-4ED8-8AE2-E5654E78B10F}.Ad-Hoc|iPhoneSimulator.Build.0 = Ad-Hoc|iPhoneSimulator
		{ED97DE8E-68BC-4ED8-8AE2-E5654E78B10F}.Ad-Hoc|iPhoneSimulator.Deploy.0 = Ad-Hoc|iPhoneSimulator
		{ED97DE8E-68BC-4ED8-8AE2-E5654E78B10F}.Ad-Hoc|x64.ActiveCfg = Ad-Hoc|iPhone
		{ED97DE8E-68BC-4ED8-8AE2-E5654E78B10F}.Ad-Hoc|x64.Build.0 = Ad-Hoc|iPhone
		{ED97DE8E-68BC-4ED8-8AE2-E5654E78B10F}.Ad-Hoc|x64.Deploy.0 = Ad-Hoc|iPhone
		{ED97DE8E-68BC-4ED8-8AE2-E5654E78B10F}.Ad-Hoc|x86.ActiveCfg = Ad-Hoc|iPhone
		{ED97DE8E-68BC-4ED8-8AE2-E5654E78B10F}.Ad-Hoc|x86.Build.0 = Ad-Hoc|iPhone
		{ED97DE8E-68BC-4ED8-8AE2-E5654E78B10F}.Ad-Hoc|x86.Deploy.0 = Ad-Hoc|iPhone
		{ED97DE8E-68BC-4ED8-8AE2-E5654E78B10F}.AppStore|Any CPU.ActiveCfg = AppStore|iPhone
		{ED97DE8E-68BC-4ED8-8AE2-E5654E78B10F}.AppStore|Any CPU.Build.0 = AppStore|iPhone
		{ED97DE8E-68BC-4ED8-8AE2-E5654E78B10F}.AppStore|Any CPU.Deploy.0 = AppStore|iPhone
		{ED97DE8E-68BC-4ED8-8AE2-E5654E78B10F}.AppStore|ARM.ActiveCfg = AppStore|iPhone
		{ED97DE8E-68BC-4ED8-8AE2-E5654E78B10F}.AppStore|ARM.Build.0 = AppStore|iPhone
		{ED97DE8E-68BC-4ED8-8AE2-E5654E78B10F}.AppStore|ARM.Deploy.0 = AppStore|iPhone
		{ED97DE8E-68BC-4ED8-8AE2-E5654E78B10F}.AppStore|iPhone.ActiveCfg = AppStore|iPhone
		{ED97DE8E-68BC-4ED8-8AE2-E5654E78B10F}.AppStore|iPhone.Build.0 = AppStore|iPhone
		{ED97DE8E-68BC-4ED8-8AE2-E5654E78B10F}.AppStore|iPhone.Deploy.0 = AppStore|iPhone
		{ED97DE8E-68BC-4ED8-8AE2-E5654E78B10F}.AppStore|iPhoneSimulator.ActiveCfg = AppStore|iPhoneSimulator
		{ED97DE8E-68BC-4ED8-8AE2-E5654E78B10F}.AppStore|iPhoneSimulator.Build.0 = AppStore|iPhoneSimulator
		{ED97DE8E-68BC-4ED8-8AE2-E5654E78B10F}.AppStore|iPhoneSimulator.Deploy.0 = AppStore|iPhoneSimulator
		{ED97DE8E-68BC-4ED8-8AE2-E5654E78B10F}.AppStore|x64.ActiveCfg = AppStore|iPhone
		{ED97DE8E-68BC-4ED8-8AE2-E5654E78B10F}.AppStore|x64.Build.0 = AppStore|iPhone
		{ED97DE8E-68BC-4ED8-8AE2-E5654E78B10F}.AppStore|x64.Deploy.0 = AppStore|iPhone
		{ED97DE8E-68BC-4ED8-8AE2-E5654E78B10F}.AppStore|x86.ActiveCfg = AppStore|iPhone
		{ED97DE8E-68BC-4ED8-8AE2-E5654E78B10F}.AppStore|x86.Build.0 = AppStore|iPhone
		{ED97DE8E-68BC-4ED8-8AE2-E5654E78B10F}.AppStore|x86.Deploy.0 = AppStore|iPhone
		{ED97DE8E-68BC-4ED8-8AE2-E5654E78B10F}.Debug|Any CPU.ActiveCfg = Debug|iPhoneSimulator
		{ED97DE8E-68BC-4ED8-8AE2-E5654E78B10F}.Debug|Any CPU.Build.0 = Debug|iPhoneSimulator
		{ED97DE8E-68BC-4ED8-8AE2-E5654E78B10F}.Debug|Any CPU.Deploy.0 = Debug|iPhoneSimulator
		{ED97DE8E-68BC-4ED8-8AE2-E5654E78B10F}.Debug|ARM.ActiveCfg = Debug|iPhone
		{ED97DE8E-68BC-4ED8-8AE2-E5654E78B10F}.Debug|ARM.Build.0 = Debug|iPhone
		{ED97DE8E-68BC-4ED8-8AE2-E5654E78B10F}.Debug|ARM.Deploy.0 = Debug|iPhone
		{ED97DE8E-68BC-4ED8-8AE2-E5654E78B10F}.Debug|iPhone.ActiveCfg = Debug|iPhone
		{ED97DE8E-68BC-4ED8-8AE2-E5654E78B10F}.Debug|iPhone.Build.0 = Debug|iPhone
		{ED97DE8E-68BC-4ED8-8AE2-E5654E78B10F}.Debug|iPhone.Deploy.0 = Debug|iPhone
		{ED97DE8E-68BC-4ED8-8AE2-E5654E78B10F}.Debug|iPhoneSimulator.ActiveCfg = Debug|iPhoneSimulator
		{ED97DE8E-68BC-4ED8-8AE2-E5654E78B10F}.Debug|iPhoneSimulator.Build.0 = Debug|iPhoneSimulator
		{ED97DE8E-68BC-4ED8-8AE2-E5654E78B10F}.Debug|iPhoneSimulator.Deploy.0 = Debug|iPhoneSimulator
		{ED97DE8E-68BC-4ED8-8AE2-E5654E78B10F}.Debug|x64.ActiveCfg = Debug|iPhone
		{ED97DE8E-68BC-4ED8-8AE2-E5654E78B10F}.Debug|x64.Build.0 = Debug|iPhone
		{ED97DE8E-68BC-4ED8-8AE2-E5654E78B10F}.Debug|x64.Deploy.0 = Debug|iPhone
		{ED97DE8E-68BC-4ED8-8AE2-E5654E78B10F}.Debug|x86.ActiveCfg = Debug|iPhone
		{ED97DE8E-68BC-4ED8-8AE2-E5654E78B10F}.Debug|x86.Build.0 = Debug|iPhone
		{ED97DE8E-68BC-4ED8-8AE2-E5654E78B10F}.Debug|x86.Deploy.0 = Debug|iPhone
		{ED97DE8E-68BC-4ED8-8AE2-E5654E78B10F}.Release|Any CPU.ActiveCfg = Release|iPhone
		{ED97DE8E-68BC-4ED8-8AE2-E5654E78B10F}.Release|Any CPU.Build.0 = Release|iPhone
		{ED97DE8E-68BC-4ED8-8AE2-E5654E78B10F}.Release|Any CPU.Deploy.0 = Release|iPhone
		{ED97DE8E-68BC-4ED8-8AE2-E5654E78B10F}.Release|ARM.ActiveCfg = Release|iPhone
		{ED97DE8E-68BC-4ED8-8AE2-E5654E78B10F}.Release|ARM.Build.0 = Release|iPhone
		{ED97DE8E-68BC-4ED8-8AE2-E5654E78B10F}.Release|ARM.Deploy.0 = Release|iPhone
		{ED97DE8E-68BC-4ED8-8AE2-E5654E78B10F}.Release|iPhone.ActiveCfg = Release|iPhone
		{ED97DE8E-68BC-4ED8-8AE2-E5654E78B10F}.Release|iPhone.Build.0 = Release|iPhone
		{ED97DE8E-68BC-4ED8-8AE2-E5654E78B10F}.Release|iPhone.Deploy.0 = Release|iPhone
		{ED97DE8E-68BC-4ED8-8AE2-E5654E78B10F}.Release|iPhoneSimulator.ActiveCfg = Release|iPhoneSimulator
		{ED97DE8E-68BC-4ED8-8AE2-E5654E78B10F}.Release|iPhoneSimulator.Build.0 = Release|iPhoneSimulator
		{ED97DE8E-68BC-4ED8-8AE2-E5654E78B10F}.Release|iPhoneSimulator.Deploy.0 = Release|iPhoneSimulator
		{ED97DE8E-68BC-4ED8-8AE2-E5654E78B10F}.Release|x64.ActiveCfg = Release|iPhone
		{ED97DE8E-68BC-4ED8-8AE2-E5654E78B10F}.Release|x64.Build.0 = Release|iPhone
		{ED97DE8E-68BC-4ED8-8AE2-E5654E78B10F}.Release|x64.Deploy.0 = Release|iPhone
		{ED97DE8E-68BC-4ED8-8AE2-E5654E78B10F}.Release|x86.ActiveCfg = Release|iPhone
		{ED97DE8E-68BC-4ED8-8AE2-E5654E78B10F}.Release|x86.Build.0 = Release|iPhone
		{ED97DE8E-68BC-4ED8-8AE2-E5654E78B10F}.Release|x86.Deploy.0 = Release|iPhone
		{C47B10DE-D16A-4CC2-A255-08A12200B6E6}.Ad-Hoc|Any CPU.ActiveCfg = Release|x86
		{C47B10DE-D16A-4CC2-A255-08A12200B6E6}.Ad-Hoc|Any CPU.Build.0 = Release|x86
		{C47B10DE-D16A-4CC2-A255-08A12200B6E6}.Ad-Hoc|Any CPU.Deploy.0 = Release|x86
		{C47B10DE-D16A-4CC2-A255-08A12200B6E6}.Ad-Hoc|ARM.ActiveCfg = Release|ARM
		{C47B10DE-D16A-4CC2-A255-08A12200B6E6}.Ad-Hoc|ARM.Build.0 = Release|ARM
		{C47B10DE-D16A-4CC2-A255-08A12200B6E6}.Ad-Hoc|ARM.Deploy.0 = Release|ARM
		{C47B10DE-D16A-4CC2-A255-08A12200B6E6}.Ad-Hoc|iPhone.ActiveCfg = Release|x86
		{C47B10DE-D16A-4CC2-A255-08A12200B6E6}.Ad-Hoc|iPhone.Build.0 = Release|x86
		{C47B10DE-D16A-4CC2-A255-08A12200B6E6}.Ad-Hoc|iPhone.Deploy.0 = Release|x86
		{C47B10DE-D16A-4CC2-A255-08A12200B6E6}.Ad-Hoc|iPhoneSimulator.ActiveCfg = Release|x86
		{C47B10DE-D16A-4CC2-A255-08A12200B6E6}.Ad-Hoc|iPhoneSimulator.Build.0 = Release|x86
		{C47B10DE-D16A-4CC2-A255-08A12200B6E6}.Ad-Hoc|iPhoneSimulator.Deploy.0 = Release|x86
		{C47B10DE-D16A-4CC2-A255-08A12200B6E6}.Ad-Hoc|x64.ActiveCfg = Release|x64
		{C47B10DE-D16A-4CC2-A255-08A12200B6E6}.Ad-Hoc|x64.Build.0 = Release|x64
		{C47B10DE-D16A-4CC2-A255-08A12200B6E6}.Ad-Hoc|x64.Deploy.0 = Release|x64
		{C47B10DE-D16A-4CC2-A255-08A12200B6E6}.Ad-Hoc|x86.ActiveCfg = Release|x86
		{C47B10DE-D16A-4CC2-A255-08A12200B6E6}.Ad-Hoc|x86.Build.0 = Release|x86
		{C47B10DE-D16A-4CC2-A255-08A12200B6E6}.Ad-Hoc|x86.Deploy.0 = Release|x86
		{C47B10DE-D16A-4CC2-A255-08A12200B6E6}.AppStore|Any CPU.ActiveCfg = Release|x86
		{C47B10DE-D16A-4CC2-A255-08A12200B6E6}.AppStore|Any CPU.Build.0 = Release|x86
		{C47B10DE-D16A-4CC2-A255-08A12200B6E6}.AppStore|Any CPU.Deploy.0 = Release|x86
		{C47B10DE-D16A-4CC2-A255-08A12200B6E6}.AppStore|ARM.ActiveCfg = Release|ARM
		{C47B10DE-D16A-4CC2-A255-08A12200B6E6}.AppStore|ARM.Build.0 = Release|ARM
		{C47B10DE-D16A-4CC2-A255-08A12200B6E6}.AppStore|ARM.Deploy.0 = Release|ARM
		{C47B10DE-D16A-4CC2-A255-08A12200B6E6}.AppStore|iPhone.ActiveCfg = Release|x86
		{C47B10DE-D16A-4CC2-A255-08A12200B6E6}.AppStore|iPhone.Build.0 = Release|x86
		{C47B10DE-D16A-4CC2-A255-08A12200B6E6}.AppStore|iPhone.Deploy.0 = Release|x86
		{C47B10DE-D16A-4CC2-A255-08A12200B6E6}.AppStore|iPhoneSimulator.ActiveCfg = Release|x86
		{C47B10DE-D16A-4CC2-A255-08A12200B6E6}.AppStore|iPhoneSimulator.Build.0 = Release|x86
		{C47B10DE-D16A-4CC2-A255-08A12200B6E6}.AppStore|iPhoneSimulator.Deploy.0 = Release|x86
		{C47B10DE-D16A-4CC2-A255-08A12200B6E6}.AppStore|x64.ActiveCfg = Release|x64
		{C47B10DE-D16A-4CC2-A255-08A12200B6E6}.AppStore|x64.Build.0 = Release|x64
		{C47B10DE-D16A-4CC2-A255-08A12200B6E6}.AppStore|x64.Deploy.0 = Release|x64
		{C47B10DE-D16A-4CC2-A255-08A12200B6E6}.AppStore|x86.ActiveCfg = Release|x86
		{C47B10DE-D16A-4CC2-A255-08A12200B6E6}.AppStore|x86.Build.0 = Release|x86
		{C47B10DE-D16A-4CC2-A255-08A12200B6E6}.AppStore|x86.Deploy.0 = Release|x86
		{C47B10DE-D16A-4CC2-A255-08A12200B6E6}.Debug|Any CPU.ActiveCfg = Debug|x86
		{C47B10DE-D16A-4CC2-A255-08A12200B6E6}.Debug|Any CPU.Build.0 = Debug|x86
		{C47B10DE-D16A-4CC2-A255-08A12200B6E6}.Debug|Any CPU.Deploy.0 = Debug|x86
		{C47B10DE-D16A-4CC2-A255-08A12200B6E6}.Debug|ARM.ActiveCfg = Debug|ARM
		{C47B10DE-D16A-4CC2-A255-08A12200B6E6}.Debug|ARM.Build.0 = Debug|ARM
		{C47B10DE-D16A-4CC2-A255-08A12200B6E6}.Debug|ARM.Deploy.0 = Debug|ARM
		{C47B10DE-D16A-4CC2-A255-08A12200B6E6}.Debug|iPhone.ActiveCfg = Debug|x86
		{C47B10DE-D16A-4CC2-A255-08A12200B6E6}.Debug|iPhone.Build.0 = Debug|x86
		{C47B10DE-D16A-4CC2-A255-08A12200B6E6}.Debug|iPhone.Deploy.0 = Debug|x86
		{C47B10DE-D16A-4CC2-A255-08A12200B6E6}.Debug|iPhoneSimulator.ActiveCfg = Debug|x86
		{C47B10DE-D16A-4CC2-A255-08A12200B6E6}.Debug|iPhoneSimulator.Build.0 = Debug|x86
		{C47B10DE-D16A-4CC2-A255-08A12200B6E6}.Debug|iPhoneSimulator.Deploy.0 = Debug|x86
		{C47B10DE-D16A-4CC2-A255-08A12200B6E6}.Debug|x64.ActiveCfg = Debug|x64
		{C47B10DE-D16A-4CC2-A255-08A12200B6E6}.Debug|x64.Build.0 = Debug|x64
		{C47B10DE-D16A-4CC2-A255-08A12200B6E6}.Debug|x64.Deploy.0 = Debug|x64
		{C47B10DE-D16A-4CC2-A255-08A12200B6E6}.Debug|x86.ActiveCfg = Debug|x86
		{C47B10DE-D16A-4CC2-A255-08A12200B6E6}.Debug|x86.Build.0 = Debug|x86
		{C47B10DE-D16A-4CC2-A255-08A12200B6E6}.Debug|x86.Deploy.0 = Debug|x86
		{C47B10DE-D16A-4CC2-A255-08A12200B6E6}.Release|Any CPU.ActiveCfg = Release|x86
		{C47B10DE-D16A-4CC2-A255-08A12200B6E6}.Release|Any CPU.Build.0 = Release|x86
		{C47B10DE-D16A-4CC2-A255-08A12200B6E6}.Release|Any CPU.Deploy.0 = Release|x86
		{C47B10DE-D16A-4CC2-A255-08A12200B6E6}.Release|ARM.ActiveCfg = Release|ARM
		{C47B10DE-D16A-4CC2-A255-08A12200B6E6}.Release|ARM.Build.0 = Release|ARM
		{C47B10DE-D16A-4CC2-A255-08A12200B6E6}.Release|ARM.Deploy.0 = Release|ARM
		{C47B10DE-D16A-4CC2-A255-08A12200B6E6}.Release|iPhone.ActiveCfg = Release|x86
		{C47B10DE-D16A-4CC2-A255-08A12200B6E6}.Release|iPhone.Build.0 = Release|x86
		{C47B10DE-D16A-4CC2-A255-08A12200B6E6}.Release|iPhone.Deploy.0 = Release|x86
		{C47B10DE-D16A-4CC2-A255-08A12200B6E6}.Release|iPhoneSimulator.ActiveCfg = Release|x86
		{C47B10DE-D16A-4CC2-A255-08A12200B6E6}.Release|iPhoneSimulator.Build.0 = Release|x86
		{C47B10DE-D16A-4CC2-A255-08A12200B6E6}.Release|iPhoneSimulator.Deploy.0 = Release|x86
		{C47B10DE-D16A-4CC2-A255-08A12200B6E6}.Release|x64.ActiveCfg = Release|x64
		{C47B10DE-D16A-4CC2-A255-08A12200B6E6}.Release|x64.Build.0 = Release|x64
		{C47B10DE-D16A-4CC2-A255-08A12200B6E6}.Release|x64.Deploy.0 = Release|x64
		{C47B10DE-D16A-4CC2-A255-08A12200B6E6}.Release|x86.ActiveCfg = Release|x86
		{C47B10DE-D16A-4CC2-A255-08A12200B6E6}.Release|x86.Build.0 = Release|x86
		{C47B10DE-D16A-4CC2-A255-08A12200B6E6}.Release|x86.Deploy.0 = Release|x86
		{167ADF6C-9D54-4655-B70D-1458CD156659}.Ad-Hoc|Any CPU.ActiveCfg = Debug|Any CPU
		{167ADF6C-9D54-4655-B70D-1458CD156659}.Ad-Hoc|Any CPU.Build.0 = Debug|Any CPU
		{167ADF6C-9D54-4655-B70D-1458CD156659}.Ad-Hoc|Any CPU.Deploy.0 = Debug|Any CPU
		{167ADF6C-9D54-4655-B70D-1458CD156659}.Ad-Hoc|ARM.ActiveCfg = Debug|Any CPU
		{167ADF6C-9D54-4655-B70D-1458CD156659}.Ad-Hoc|ARM.Build.0 = Debug|Any CPU
		{167ADF6C-9D54-4655-B70D-1458CD156659}.Ad-Hoc|ARM.Deploy.0 = Debug|Any CPU
		{167ADF6C-9D54-4655-B70D-1458CD156659}.Ad-Hoc|iPhone.ActiveCfg = Debug|Any CPU
		{167ADF6C-9D54-4655-B70D-1458CD156659}.Ad-Hoc|iPhone.Build.0 = Debug|Any CPU
		{167ADF6C-9D54-4655-B70D-1458CD156659}.Ad-Hoc|iPhone.Deploy.0 = Debug|Any CPU
		{167ADF6C-9D54-4655-B70D-1458CD156659}.Ad-Hoc|iPhoneSimulator.ActiveCfg = Debug|Any CPU
		{167ADF6C-9D54-4655-B70D-1458CD156659}.Ad-Hoc|iPhoneSimulator.Build.0 = Debug|Any CPU
		{167ADF6C-9D54-4655-B70D-1458CD156659}.Ad-Hoc|iPhoneSimulator.Deploy.0 = Debug|Any CPU
		{167ADF6C-9D54-4655-B70D-1458CD156659}.Ad-Hoc|x64.ActiveCfg = Debug|Any CPU
		{167ADF6C-9D54-4655-B70D-1458CD156659}.Ad-Hoc|x64.Build.0 = Debug|Any CPU
		{167ADF6C-9D54-4655-B70D-1458CD156659}.Ad-Hoc|x64.Deploy.0 = Debug|Any CPU
		{167ADF6C-9D54-4655-B70D-1458CD156659}.Ad-Hoc|x86.ActiveCfg = Debug|Any CPU
		{167ADF6C-9D54-4655-B70D-1458CD156659}.Ad-Hoc|x86.Build.0 = Debug|Any CPU
		{167ADF6C-9D54-4655-B70D-1458CD156659}.Ad-Hoc|x86.Deploy.0 = Debug|Any CPU
		{167ADF6C-9D54-4655-B70D-1458CD156659}.AppStore|Any CPU.ActiveCfg = Debug|Any CPU
		{167ADF6C-9D54-4655-B70D-1458CD156659}.AppStore|Any CPU.Build.0 = Debug|Any CPU
		{167ADF6C-9D54-4655-B70D-1458CD156659}.AppStore|Any CPU.Deploy.0 = Debug|Any CPU
		{167ADF6C-9D54-4655-B70D-1458CD156659}.AppStore|ARM.ActiveCfg = Debug|Any CPU
		{167ADF6C-9D54-4655-B70D-1458CD156659}.AppStore|ARM.Build.0 = Debug|Any CPU
		{167ADF6C-9D54-4655-B70D-1458CD156659}.AppStore|ARM.Deploy.0 = Debug|Any CPU
		{167ADF6C-9D54-4655-B70D-1458CD156659}.AppStore|iPhone.ActiveCfg = Debug|Any CPU
		{167ADF6C-9D54-4655-B70D-1458CD156659}.AppStore|iPhone.Build.0 = Debug|Any CPU
		{167ADF6C-9D54-4655-B70D-1458CD156659}.AppStore|iPhone.Deploy.0 = Debug|Any CPU
		{167ADF6C-9D54-4655-B70D-1458CD156659}.AppStore|iPhoneSimulator.ActiveCfg = Debug|Any CPU
		{167ADF6C-9D54-4655-B70D-1458CD156659}.AppStore|iPhoneSimulator.Build.0 = Debug|Any CPU
		{167ADF6C-9D54-4655-B70D-1458CD156659}.AppStore|iPhoneSimulator.Deploy.0 = Debug|Any CPU
		{167ADF6C-9D54-4655-B70D-1458CD156659}.AppStore|x64.ActiveCfg = Debug|Any CPU
		{167ADF6C-9D54-4655-B70D-1458CD156659}.AppStore|x64.Build.0 = Debug|Any CPU
		{167ADF6C-9D54-4655-B70D-1458CD156659}.AppStore|x64.Deploy.0 = Debug|Any CPU
		{167ADF6C-9D54-4655-B70D-1458CD156659}.AppStore|x86.ActiveCfg = Debug|Any CPU
		{167ADF6C-9D54-4655-B70D-1458CD156659}.AppStore|x86.Build.0 = Debug|Any CPU
		{167ADF6C-9D54-4655-B70D-1458CD156659}.AppStore|x86.Deploy.0 = Debug|Any CPU
		{167ADF6C-9D54-4655-B70D-1458CD156659}.Debug|Any CPU.ActiveCfg = Debug|Any CPU
		{167ADF6C-9D54-4655-B70D-1458CD156659}.Debug|Any CPU.Build.0 = Debug|Any CPU
		{167ADF6C-9D54-4655-B70D-1458CD156659}.Debug|Any CPU.Deploy.0 = Debug|Any CPU
		{167ADF6C-9D54-4655-B70D-1458CD156659}.Debug|ARM.ActiveCfg = Debug|Any CPU
		{167ADF6C-9D54-4655-B70D-1458CD156659}.Debug|ARM.Build.0 = Debug|Any CPU
		{167ADF6C-9D54-4655-B70D-1458CD156659}.Debug|ARM.Deploy.0 = Debug|Any CPU
		{167ADF6C-9D54-4655-B70D-1458CD156659}.Debug|iPhone.ActiveCfg = Debug|Any CPU
		{167ADF6C-9D54-4655-B70D-1458CD156659}.Debug|iPhone.Build.0 = Debug|Any CPU
		{167ADF6C-9D54-4655-B70D-1458CD156659}.Debug|iPhone.Deploy.0 = Debug|Any CPU
		{167ADF6C-9D54-4655-B70D-1458CD156659}.Debug|iPhoneSimulator.ActiveCfg = Debug|Any CPU
		{167ADF6C-9D54-4655-B70D-1458CD156659}.Debug|iPhoneSimulator.Build.0 = Debug|Any CPU
		{167ADF6C-9D54-4655-B70D-1458CD156659}.Debug|iPhoneSimulator.Deploy.0 = Debug|Any CPU
		{167ADF6C-9D54-4655-B70D-1458CD156659}.Debug|x64.ActiveCfg = Debug|Any CPU
		{167ADF6C-9D54-4655-B70D-1458CD156659}.Debug|x64.Build.0 = Debug|Any CPU
		{167ADF6C-9D54-4655-B70D-1458CD156659}.Debug|x64.Deploy.0 = Debug|Any CPU
		{167ADF6C-9D54-4655-B70D-1458CD156659}.Debug|x86.ActiveCfg = Debug|Any CPU
		{167ADF6C-9D54-4655-B70D-1458CD156659}.Debug|x86.Build.0 = Debug|Any CPU
		{167ADF6C-9D54-4655-B70D-1458CD156659}.Debug|x86.Deploy.0 = Debug|Any CPU
		{167ADF6C-9D54-4655-B70D-1458CD156659}.Release|Any CPU.ActiveCfg = Release|Any CPU
		{167ADF6C-9D54-4655-B70D-1458CD156659}.Release|Any CPU.Build.0 = Release|Any CPU
		{167ADF6C-9D54-4655-B70D-1458CD156659}.Release|Any CPU.Deploy.0 = Release|Any CPU
		{167ADF6C-9D54-4655-B70D-1458CD156659}.Release|ARM.ActiveCfg = Release|Any CPU
		{167ADF6C-9D54-4655-B70D-1458CD156659}.Release|ARM.Build.0 = Release|Any CPU
		{167ADF6C-9D54-4655-B70D-1458CD156659}.Release|ARM.Deploy.0 = Release|Any CPU
		{167ADF6C-9D54-4655-B70D-1458CD156659}.Release|iPhone.ActiveCfg = Release|Any CPU
		{167ADF6C-9D54-4655-B70D-1458CD156659}.Release|iPhone.Build.0 = Release|Any CPU
		{167ADF6C-9D54-4655-B70D-1458CD156659}.Release|iPhone.Deploy.0 = Release|Any CPU
		{167ADF6C-9D54-4655-B70D-1458CD156659}.Release|iPhoneSimulator.ActiveCfg = Release|Any CPU
		{167ADF6C-9D54-4655-B70D-1458CD156659}.Release|iPhoneSimulator.Build.0 = Release|Any CPU
		{167ADF6C-9D54-4655-B70D-1458CD156659}.Release|iPhoneSimulator.Deploy.0 = Release|Any CPU
		{167ADF6C-9D54-4655-B70D-1458CD156659}.Release|x64.ActiveCfg = Release|Any CPU
		{167ADF6C-9D54-4655-B70D-1458CD156659}.Release|x64.Build.0 = Release|Any CPU
		{167ADF6C-9D54-4655-B70D-1458CD156659}.Release|x64.Deploy.0 = Release|Any CPU
		{167ADF6C-9D54-4655-B70D-1458CD156659}.Release|x86.ActiveCfg = Release|Any CPU
		{167ADF6C-9D54-4655-B70D-1458CD156659}.Release|x86.Build.0 = Release|Any CPU
		{167ADF6C-9D54-4655-B70D-1458CD156659}.Release|x86.Deploy.0 = Release|Any CPU
	EndGlobalSection
	GlobalSection(SolutionProperties) = preSolution
		HideSolutionNode = FALSE
	EndGlobalSection
	GlobalSection(ExtensibilityGlobals) = postSolution
		SolutionGuid = {AC7CFAD7-CCD9-4BF2-BFCA-30965C1520DB}
	EndGlobalSection
EndGlobal
